PODS:
  - AFNetworking (2.5.4):
    - AFNetworking/NSURLConnection (= 2.5.4)
    - AFNetworking/NSURLSession (= 2.5.4)
    - AFNetworking/Reachability (= 2.5.4)
    - AFNetworking/Security (= 2.5.4)
    - AFNetworking/Serialization (= 2.5.4)
    - AFNetworking/UIKit (= 2.5.4)
  - AFNetworking/NSURLConnection (2.5.4):
    - AFNetworking/Reachability
    - AFNetworking/Security
    - AFNetworking/Serialization
  - AFNetworking/NSURLSession (2.5.4):
    - AFNetworking/Reachability
    - AFNetworking/Security
    - AFNetworking/Serialization
  - AFNetworking/Reachability (2.5.4)
  - AFNetworking/Security (2.5.4)
  - AFNetworking/Serialization (2.5.4)
  - AFNetworking/UIKit (2.5.4):
    - AFNetworking/NSURLConnection
    - AFNetworking/NSURLSession
  - Google-Mobile-Ads-SDK (7.3.1)
  - Masonry (0.6.1)
  - PNChart (0.8.3):
    - UICountingLabel (~> 1.2.0)
  - SCLAlertView-Objective-C (0.7.2)
  - UICountingLabel (1.2.0)

DEPENDENCIES:
  - AFNetworking (~> 2.0)
  - Google-Mobile-Ads-SDK (~> 7.0)
  - Masonry (= 0.6.1)
  - PNChart (~> 0.8.3)
  - SCLAlertView-Objective-C (~> 0.7.2)

SPEC CHECKSUMS:
  AFNetworking: 05edc0ac4c4c8cf57bcf4b84be5b0744b6d8e71e
  Google-Mobile-Ads-SDK: 3647bfddc7384c514ab96a8bed86d98b31e623e4
  Masonry: 4972309f2f134de9dd312f4dc4a21359b50e6caa
  PNChart: 8d81e061ec4845915184755d8da84f385ca1cb28
  SCLAlertView-Objective-C: 4ad7397ca948b4ab75426c677368652fee475573
  UICountingLabel: 1db4e7d023e1762171eb226d6dff47a7a84f27aa

COCOAPODS: 0.35.0
